PODS:
  - RezolveSDK (2.0.0-beta1538):
    - SwiftyRSA (~> 1.5.0)
  - SwiftyRSA (1.5.0):
    - SwiftyRSA/ObjC (= 1.5.0)
  - SwiftyRSA/ObjC (1.5.0)

DEPENDENCIES:
  - RezolveSDK (= 2.0.0-beta1538)

SPEC REPOS:
  https://github.com/cocoapods/specs.git:
    - RezolveSDK
    - SwiftyRSA

SPEC CHECKSUMS:
  RezolveSDK: 68316d22e36c0bcf79a019be321c4c9590cddf80
  SwiftyRSA: 6e528fb1b1a87d5111c48081083b141d6d65f1cf

PODFILE CHECKSUM: 774499d38d7280f09efa79a0157c541e78c20dfc

COCOAPODS: 1.7.5
