PODS:
  - JSONWebToken (2.2.0)
  - Kingfisher (5.13.4):
    - Kingfisher/Core (= 5.13.4)
  - Kingfisher/Core (5.13.4)
  - RezolveSDK (2.2.3-202306271445)
  - RezolveSDKToolchain (1.0.0):
    - RezolveSDK
    - RezolveSDKToolchain/RezolveSDKToolchain (= 1.0.0)
  - RezolveSDKToolchain/RezolveSDKToolchain (1.0.0):
    - RezolveSDK
  - SwifterSwift (5.2.0):
    - SwifterSwift/AppKit (= 5.2.0)
    - SwifterSwift/CoreAnimation (= 5.2.0)
    - SwifterSwift/CoreGraphics (= 5.2.0)
    - SwifterSwift/CoreLocation (= 5.2.0)
    - SwifterSwift/Dispatch (= 5.2.0)
    - SwifterSwift/Foundation (= 5.2.0)
    - SwifterSwift/MapKit (= 5.2.0)
    - SwifterSwift/SceneKit (= 5.2.0)
    - SwifterSwift/SpriteKit (= 5.2.0)
    - SwifterSwift/StoreKit (= 5.2.0)
    - SwifterSwift/SwiftStdlib (= 5.2.0)
    - SwifterSwift/UIKit (= 5.2.0)
  - SwifterSwift/AppKit (5.2.0)
  - SwifterSwift/CoreAnimation (5.2.0)
  - SwifterSwift/CoreGraphics (5.2.0)
  - SwifterSwift/CoreLocation (5.2.0)
  - SwifterSwift/Dispatch (5.2.0)
  - SwifterSwift/Foundation (5.2.0)
  - SwifterSwift/MapKit (5.2.0)
  - SwifterSwift/SceneKit (5.2.0)
  - SwifterSwift/SpriteKit (5.2.0)
  - SwifterSwift/StoreKit (5.2.0)
  - SwifterSwift/SwiftStdlib (5.2.0)
  - SwifterSwift/UIKit (5.2.0)
  - XCDYouTubeKit-kbexdev (2.16.0)

DEPENDENCIES:
  - JSONWebToken (from `https://github.com/radianttap/JSONWebToken.swift.git`)
  - Kingfisher (= 5.13.4)
  - RezolveSDK (= 2.2.3-202306271445)
  - RezolveSDKToolchain (from `https://github.com/rezolved/rezolve_ios_toolchain.git`)
  - SwifterSwift (= 5.2.0)
  - XCDYouTubeKit-kbexdev (= 2.16.0)

SPEC REPOS:
  trunk:
    - Kingfisher
    - RezolveSDK
    - SwifterSwift
    - XCDYouTubeKit-kbexdev

EXTERNAL SOURCES:
  JSONWebToken:
    :git: https://github.com/radianttap/JSONWebToken.swift.git
  RezolveSDKToolchain:
    :git: https://github.com/rezolved/rezolve_ios_toolchain.git

CHECKOUT OPTIONS:
  JSONWebToken:
    :commit: 474ce7944d273e8079b36b89026e074dad3122af
    :git: https://github.com/radianttap/JSONWebToken.swift.git
  RezolveSDKToolchain:
    :commit: b34676c939eded92dc10685c3677ddca2979d8f6
    :git: https://github.com/rezolved/rezolve_ios_toolchain.git

SPEC CHECKSUMS:
  JSONWebToken: ef88f92823ef1f3cbac791b320f8b6961c885bad
  Kingfisher: d2279a7abece3c7f25a80cd2b7f363ca5cf3f44c
  RezolveSDK: f6d32d2b6587eb94e5c6755eda861a04bf78de8f
  RezolveSDKToolchain: bedec3cd038a478f93093cf6c418c71bb9a8f331
  SwifterSwift: 334181863c416882d97b7a60c05054d9e4d799e2
  XCDYouTubeKit-kbexdev: d6bdf492b85a547fe8605568359ec2e91980a465

PODFILE CHECKSUM: 92a32372d5d170374fa56a2a51c8c0ff19a8543f

COCOAPODS: 1.11.3
