// !$*UTF8*$!
{
	archiveVersion = 1;
	classes = {
	};
	objectVersion = 51;
	objects = {

/* Begin PBXBuildFile section */
		2EFE651EDEED79EF0EE34EC3 /* libPods-RezolveSDKSample.a in Frameworks */ = {isa = PBXBuildFile; fileRef = A1AD11839E2A8DA96B65B4B2 /* libPods-RezolveSDKSample.a */; };
		389CB6EF2385399B0012E155 /* GuestResponse.swift in Sources */ = {isa = PBXBuildFile; fileRef = 389CB6EE2385399B0012E155 /* GuestResponse.swift */; };
		426373A82457212F00BFAA78 /* RezolveGeofence.swift in Sources */ = {isa = PBXBuildFile; fileRef = 426373A72457212F00BFAA78 /* RezolveGeofence.swift */; };
		4287F55425ECDC5B00F5CC85 /* SspActViewController.swift in Sources */ = {isa = PBXBuildFile; fileRef = 4287F55325ECDC5B00F5CC85 /* SspActViewController.swift */; };
		42C86677245AC980005FCB47 /* RezolveService.swift in Sources */ = {isa = PBXBuildFile; fileRef = 42C86676245AC980005FCB47 /* RezolveService.swift */; };
		42DB9D6A24584EC1001BD633 /* Home.gpx in Resources */ = {isa = PBXBuildFile; fileRef = 42DB9D6924584EC1001BD633 /* Home.gpx */; };
		471E07A625EE323E004627C5 /* SspActViewModel.swift in Sources */ = {isa = PBXBuildFile; fileRef = 471E07A525EE323E004627C5 /* SspActViewModel.swift */; };
		471E07AF25EE37D1004627C5 /* SspActDataSource.swift in Sources */ = {isa = PBXBuildFile; fileRef = 471E07AE25EE37D1004627C5 /* SspActDataSource.swift */; };
		473FBDE725E7ACB500043A7C /* SspAct+Extensions.swift in Sources */ = {isa = PBXBuildFile; fileRef = 473FBDE625E7ACB500043A7C /* SspAct+Extensions.swift */; };
		6A23E4BB0360BC5AEEAC56B9 /* LoginViewController.swift in Sources */ = {isa = PBXBuildFile; fileRef = 6A23E808AED379C3EDAD1395 /* LoginViewController.swift */; };
		6A23EC1D6D80E7E3A01FEA72 /* Main.storyboard in Resources */ = {isa = PBXBuildFile; fileRef = 6A23E958E6F1676634C2DB4D /* Main.storyboard */; };
		6A23EC9CF5FD5EFB357A6DC6 /* Config.swift in Sources */ = {isa = PBXBuildFile; fileRef = 6A23EAB40B8438B4261CE317 /* Config.swift */; };
		D48FE26022676AE6001E11D1 /* ProductViewController.swift in Sources */ = {isa = PBXBuildFile; fileRef = D48FE25F22676AE6001E11D1 /* ProductViewController.swift */; };
		D48FE2632267746F001E11D1 /* Extensions.swift in Sources */ = {isa = PBXBuildFile; fileRef = D48FE2622267746F001E11D1 /* Extensions.swift */; };
		D48FE268226F1A1A001E11D1 /* OrderDetailsViewController.swift in Sources */ = {isa = PBXBuildFile; fileRef = D48FE267226F1A1A001E11D1 /* OrderDetailsViewController.swift */; };
		D49F447A225B98EB006FB59B /* AppDelegate.swift in Sources */ = {isa = PBXBuildFile; fileRef = D49F4479225B98EB006FB59B /* AppDelegate.swift */; };
		D49F4481225B98EC006FB59B /* Assets.xcassets in Resources */ = {isa = PBXBuildFile; fileRef = D49F4480225B98EC006FB59B /* Assets.xcassets */; };
		D49F4484225B98EC006FB59B /* LaunchScreen.storyboard in Resources */ = {isa = PBXBuildFile; fileRef = D49F4482225B98EC006FB59B /* LaunchScreen.storyboard */; };
		D4C8F8FD226632BB005EF1A8 /* ScanViewController.swift in Sources */ = {isa = PBXBuildFile; fileRef = D4C8F8FC226632BB005EF1A8 /* ScanViewController.swift */; };
/* End PBXBuildFile section */

/* Begin PBXFileReference section */
		0B3020F844EE2FB81FF5228C /* Pods-RezolveSDKSample.debug.xcconfig */ = {isa = PBXFileReference; includeInIndex = 1; lastKnownFileType = text.xcconfig; name = "Pods-RezolveSDKSample.debug.xcconfig"; path = "Target Support Files/Pods-RezolveSDKSample/Pods-RezolveSDKSample.debug.xcconfig"; sourceTree = "<group>"; };
		389CB6EE2385399B0012E155 /* GuestResponse.swift */ = {isa = PBXFileReference; lastKnownFileType = sourcecode.swift; path = GuestResponse.swift; sourceTree = "<group>"; };
		426373A72457212F00BFAA78 /* RezolveGeofence.swift */ = {isa = PBXFileReference; lastKnownFileType = sourcecode.swift; path = RezolveGeofence.swift; sourceTree = "<group>"; };
		4287F55325ECDC5B00F5CC85 /* SspActViewController.swift */ = {isa = PBXFileReference; lastKnownFileType = sourcecode.swift; path = SspActViewController.swift; sourceTree = "<group>"; };
		42C86676245AC980005FCB47 /* RezolveService.swift */ = {isa = PBXFileReference; lastKnownFileType = sourcecode.swift; path = RezolveService.swift; sourceTree = "<group>"; };
		42DB9D6924584EC1001BD633 /* Home.gpx */ = {isa = PBXFileReference; lastKnownFileType = text.xml; path = Home.gpx; sourceTree = "<group>"; };
		471E07A525EE323E004627C5 /* SspActViewModel.swift */ = {isa = PBXFileReference; lastKnownFileType = sourcecode.swift; path = SspActViewModel.swift; sourceTree = "<group>"; };
		471E07AE25EE37D1004627C5 /* SspActDataSource.swift */ = {isa = PBXFileReference; lastKnownFileType = sourcecode.swift; path = SspActDataSource.swift; sourceTree = "<group>"; };
		473FBDE625E7ACB500043A7C /* SspAct+Extensions.swift */ = {isa = PBXFileReference; lastKnownFileType = sourcecode.swift; path = "SspAct+Extensions.swift"; sourceTree = "<group>"; };
		6A23E808AED379C3EDAD1395 /* LoginViewController.swift */ = {isa = PBXFileReference; fileEncoding = 4; lastKnownFileType = sourcecode.swift; path = LoginViewController.swift; sourceTree = "<group>"; };
		6A23EAB40B8438B4261CE317 /* Config.swift */ = {isa = PBXFileReference; fileEncoding = 4; lastKnownFileType = sourcecode.swift; path = Config.swift; sourceTree = "<group>"; };
		6A23EADD0D372326A0067604 /* Base */ = {isa = PBXFileReference; lastKnownFileType = file.storyboard; name = Base; path = Base.lproj/Main.storyboard; sourceTree = "<group>"; };
		795F91ED019104B4B5726E46 /* Pods-RezolveSDKSample.release.xcconfig */ = {isa = PBXFileReference; includeInIndex = 1; lastKnownFileType = text.xcconfig; name = "Pods-RezolveSDKSample.release.xcconfig"; path = "Target Support Files/Pods-RezolveSDKSample/Pods-RezolveSDKSample.release.xcconfig"; sourceTree = "<group>"; };
		A1AD11839E2A8DA96B65B4B2 /* libPods-RezolveSDKSample.a */ = {isa = PBXFileReference; explicitFileType = archive.ar; includeInIndex = 0; path = "libPods-RezolveSDKSample.a"; sourceTree = BUILT_PRODUCTS_DIR; };
		D48FE25F22676AE6001E11D1 /* ProductViewController.swift */ = {isa = PBXFileReference; lastKnownFileType = sourcecode.swift; path = ProductViewController.swift; sourceTree = "<group>"; };
		D48FE2622267746F001E11D1 /* Extensions.swift */ = {isa = PBXFileReference; lastKnownFileType = sourcecode.swift; path = Extensions.swift; sourceTree = "<group>"; };
		D48FE267226F1A1A001E11D1 /* OrderDetailsViewController.swift */ = {isa = PBXFileReference; lastKnownFileType = sourcecode.swift; path = OrderDetailsViewController.swift; sourceTree = "<group>"; };
		D49F4476225B98EB006FB59B /* RezolveSDKSample.app */ = {isa = PBXFileReference; explicitFileType = wrapper.application; includeInIndex = 0; path = RezolveSDKSample.app; sourceTree = BUILT_PRODUCTS_DIR; };
		D49F4479225B98EB006FB59B /* AppDelegate.swift */ = {isa = PBXFileReference; lastKnownFileType = sourcecode.swift; path = AppDelegate.swift; sourceTree = "<group>"; };
		D49F4480225B98EC006FB59B /* Assets.xcassets */ = {isa = PBXFileReference; lastKnownFileType = folder.assetcatalog; path = Assets.xcassets; sourceTree = "<group>"; };
		D49F4483225B98EC006FB59B /* Base */ = {isa = PBXFileReference; lastKnownFileType = file.storyboard; name = Base; path = Base.lproj/LaunchScreen.storyboard; sourceTree = "<group>"; };
		D49F4485225B98EC006FB59B /* Info.plist */ = {isa = PBXFileReference; lastKnownFileType = text.plist.xml; path = Info.plist; sourceTree = "<group>"; };
		D4C8F8FC226632BB005EF1A8 /* ScanViewController.swift */ = {isa = PBXFileReference; lastKnownFileType = sourcecode.swift; path = ScanViewController.swift; sourceTree = "<group>"; };
/* End PBXFileReference section */

/* Begin PBXFrameworksBuildPhase section */
		D49F4473225B98EB006FB59B /* Frameworks */ = {
			isa = PBXFrameworksBuildPhase;
			buildActionMask = 2147483647;
			files = (
				2EFE651EDEED79EF0EE34EC3 /* libPods-RezolveSDKSample.a in Frameworks */,
			);
			runOnlyForDeploymentPostprocessing = 0;
		};
/* End PBXFrameworksBuildPhase section */

/* Begin PBXGroup section */
		0BADDF18A9033E7950CF697D /* Frameworks */ = {
			isa = PBXGroup;
			children = (
				A1AD11839E2A8DA96B65B4B2 /* libPods-RezolveSDKSample.a */,
			);
			name = Frameworks;
			sourceTree = "<group>";
		};
		426373A92457217F00BFAA78 /* Services */ = {
			isa = PBXGroup;
			children = (
				42C86676245AC980005FCB47 /* RezolveService.swift */,
				426373A72457212F00BFAA78 /* RezolveGeofence.swift */,
			);
			name = Services;
			sourceTree = "<group>";
		};
		4263AC5B2459899500A62D00 /* Mock Locations */ = {
			isa = PBXGroup;
			children = (
				42DB9D6924584EC1001BD633 /* Home.gpx */,
			);
			name = "Mock Locations";
			sourceTree = "<group>";
		};
		429C19F92456F81D00686657 /* Interface Builder */ = {
			isa = PBXGroup;
			children = (
				D49F4480225B98EC006FB59B /* Assets.xcassets */,
				D49F4482225B98EC006FB59B /* LaunchScreen.storyboard */,
				6A23E958E6F1676634C2DB4D /* Main.storyboard */,
			);
			name = "Interface Builder";
			sourceTree = "<group>";
		};
		429C19FA2456F83E00686657 /* Support */ = {
			isa = PBXGroup;
			children = (
				4263AC5B2459899500A62D00 /* Mock Locations */,
				D49F4479225B98EB006FB59B /* AppDelegate.swift */,
				6A23EAB40B8438B4261CE317 /* Config.swift */,
				D49F4485225B98EC006FB59B /* Info.plist */,
			);
			name = Support;
			sourceTree = "<group>";
		};
		429C19FB2456F89800686657 /* Models */ = {
			isa = PBXGroup;
			children = (
				389CB6EE2385399B0012E155 /* GuestResponse.swift */,
			);
			name = Models;
			sourceTree = "<group>";
		};
		471E07AD25EE37B3004627C5 /* SspAct */ = {
			isa = PBXGroup;
			children = (
				471E07A525EE323E004627C5 /* SspActViewModel.swift */,
				471E07AE25EE37D1004627C5 /* SspActDataSource.swift */,
			);
			name = SspAct;
			sourceTree = "<group>";
		};
		5100700EAA1B39B735314D28 /* Pods */ = {
			isa = PBXGroup;
			children = (
				0B3020F844EE2FB81FF5228C /* Pods-RezolveSDKSample.debug.xcconfig */,
				795F91ED019104B4B5726E46 /* Pods-RezolveSDKSample.release.xcconfig */,
			);
			path = Pods;
			sourceTree = "<group>";
		};
		6A23EDDA224BE5DE18995D23 /* View Controllers */ = {
			isa = PBXGroup;
			children = (
				6A23E808AED379C3EDAD1395 /* LoginViewController.swift */,
				D4C8F8FC226632BB005EF1A8 /* ScanViewController.swift */,
				D48FE25F22676AE6001E11D1 /* ProductViewController.swift */,
				4287F55325ECDC5B00F5CC85 /* SspActViewController.swift */,
				D48FE267226F1A1A001E11D1 /* OrderDetailsViewController.swift */,
			);
			name = "View Controllers";
			sourceTree = "<group>";
		};
		D48FE26122677452001E11D1 /* Extensions */ = {
			isa = PBXGroup;
			children = (
				D48FE2622267746F001E11D1 /* Extensions.swift */,
				473FBDE625E7ACB500043A7C /* SspAct+Extensions.swift */,
			);
			name = Extensions;
			sourceTree = "<group>";
		};
		D49F446D225B98EB006FB59B = {
			isa = PBXGroup;
			children = (
				D49F4478225B98EB006FB59B /* RezolveSDKSample */,
				D49F4477225B98EB006FB59B /* Products */,
				5100700EAA1B39B735314D28 /* Pods */,
				0BADDF18A9033E7950CF697D /* Frameworks */,
			);
			sourceTree = "<group>";
		};
		D49F4477225B98EB006FB59B /* Products */ = {
			isa = PBXGroup;
			children = (
				D49F4476225B98EB006FB59B /* RezolveSDKSample.app */,
			);
			name = Products;
			sourceTree = "<group>";
		};
		D49F4478225B98EB006FB59B /* RezolveSDKSample */ = {
			isa = PBXGroup;
			children = (
				429C19F92456F81D00686657 /* Interface Builder */,
				D48FE26122677452001E11D1 /* Extensions */,
				429C19FB2456F89800686657 /* Models */,
				426373A92457217F00BFAA78 /* Services */,
				6A23EDDA224BE5DE18995D23 /* View Controllers */,
				471E07AD25EE37B3004627C5 /* SspAct */,
				429C19FA2456F83E00686657 /* Support */,
			);
			path = RezolveSDKSample;
			sourceTree = "<group>";
		};
/* End PBXGroup section */

/* Begin PBXNativeTarget section */
		D49F4475225B98EB006FB59B /* RezolveSDKSample */ = {
			isa = PBXNativeTarget;
			buildConfigurationList = D49F4488225B98EC006FB59B /* Build configuration list for PBXNativeTarget "RezolveSDKSample" */;
			buildPhases = (
				0A36FDBD3B4FBA12FF536B28 /* [CP] Check Pods Manifest.lock */,
				D49F4472225B98EB006FB59B /* Sources */,
				D49F4473225B98EB006FB59B /* Frameworks */,
				D49F4474225B98EB006FB59B /* Resources */,
				59B8672F51BBF494D817C49A /* [CP] Embed Pods Frameworks */,
			);
			buildRules = (
			);
			dependencies = (
			);
			name = RezolveSDKSample;
			productName = Example;
			productReference = D49F4476225B98EB006FB59B /* RezolveSDKSample.app */;
			productType = "com.apple.product-type.application";
		};
/* End PBXNativeTarget section */

/* Begin PBXProject section */
		D49F446E225B98EB006FB59B /* Project object */ = {
			isa = PBXProject;
			attributes = {
				LastSwiftUpdateCheck = 1020;
				LastUpgradeCheck = 1230;
				ORGANIZATIONNAME = Rezolve;
				TargetAttributes = {
					D49F4475225B98EB006FB59B = {
						CreatedOnToolsVersion = 10.2;
					};
				};
			};
			buildConfigurationList = D49F4471225B98EB006FB59B /* Build configuration list for PBXProject "RezolveSDKSample" */;
			compatibilityVersion = "Xcode 10.0";
			developmentRegion = en;
			hasScannedForEncodings = 0;
			knownRegions = (
				en,
				Base,
			);
			mainGroup = D49F446D225B98EB006FB59B;
			productRefGroup = D49F4477225B98EB006FB59B /* Products */;
			projectDirPath = "";
			projectRoot = "";
			targets = (
				D49F4475225B98EB006FB59B /* RezolveSDKSample */,
			);
		};
/* End PBXProject section */

/* Begin PBXResourcesBuildPhase section */
		D49F4474225B98EB006FB59B /* Resources */ = {
			isa = PBXResourcesBuildPhase;
			buildActionMask = 2147483647;
			files = (
				D49F4484225B98EC006FB59B /* LaunchScreen.storyboard in Resources */,
				D49F4481225B98EC006FB59B /* Assets.xcassets in Resources */,
				42DB9D6A24584EC1001BD633 /* Home.gpx in Resources */,
				6A23EC1D6D80E7E3A01FEA72 /* Main.storyboard in Resources */,
			);
			runOnlyForDeploymentPostprocessing = 0;
		};
/* End PBXResourcesBuildPhase section */

/* Begin PBXShellScriptBuildPhase section */
		0A36FDBD3B4FBA12FF536B28 /* [CP] Check Pods Manifest.lock */ = {
			isa = PBXShellScriptBuildPhase;
			buildActionMask = 2147483647;
			files = (
			);
			inputFileListPaths = (
			);
			inputPaths = (
				"${PODS_PODFILE_DIR_PATH}/Podfile.lock",
				"${PODS_ROOT}/Manifest.lock",
			);
			name = "[CP] Check Pods Manifest.lock";
			outputFileListPaths = (
			);
			outputPaths = (
				"$(DERIVED_FILE_DIR)/Pods-RezolveSDKSample-checkManifestLockResult.txt",
			);
			runOnlyForDeploymentPostprocessing = 0;
			shellPath = /bin/sh;
			shellScript = "diff \"${PODS_PODFILE_DIR_PATH}/Podfile.lock\" \"${PODS_ROOT}/Manifest.lock\" > /dev/null\nif [ $? != 0 ] ; then\n    # print error to STDERR\n    echo \"error: The sandbox is not in sync with the Podfile.lock. Run 'pod install' or update your CocoaPods installation.\" >&2\n    exit 1\nfi\n# This output is used by Xcode 'outputs' to avoid re-running this script phase.\necho \"SUCCESS\" > \"${SCRIPT_OUTPUT_FILE_0}\"\n";
			showEnvVarsInLog = 0;
		};
		59B8672F51BBF494D817C49A /* [CP] Embed Pods Frameworks */ = {
			isa = PBXShellScriptBuildPhase;
			buildActionMask = 2147483647;
			files = (
			);
			inputFileListPaths = (
				"${PODS_ROOT}/Target Support Files/Pods-RezolveSDKSample/Pods-RezolveSDKSample-frameworks-${CONFIGURATION}-input-files.xcfilelist",
			);
			name = "[CP] Embed Pods Frameworks";
			outputFileListPaths = (
				"${PODS_ROOT}/Target Support Files/Pods-RezolveSDKSample/Pods-RezolveSDKSample-frameworks-${CONFIGURATION}-output-files.xcfilelist",
			);
			runOnlyForDeploymentPostprocessing = 0;
			shellPath = /bin/sh;
			shellScript = "\"${PODS_ROOT}/Target Support Files/Pods-RezolveSDKSample/Pods-RezolveSDKSample-frameworks.sh\"\n";
			showEnvVarsInLog = 0;
		};
/* End PBXShellScriptBuildPhase section */

/* Begin PBXSourcesBuildPhase section */
		D49F4472225B98EB006FB59B /* Sources */ = {
			isa = PBXSourcesBuildPhase;
			buildActionMask = 2147483647;
			files = (
				471E07A625EE323E004627C5 /* SspActViewModel.swift in Sources */,
				389CB6EF2385399B0012E155 /* GuestResponse.swift in Sources */,
				D48FE268226F1A1A001E11D1 /* OrderDetailsViewController.swift in Sources */,
				D48FE26022676AE6001E11D1 /* ProductViewController.swift in Sources */,
				D48FE2632267746F001E11D1 /* Extensions.swift in Sources */,
				42C86677245AC980005FCB47 /* RezolveService.swift in Sources */,
				471E07AF25EE37D1004627C5 /* SspActDataSource.swift in Sources */,
				D49F447A225B98EB006FB59B /* AppDelegate.swift in Sources */,
				426373A82457212F00BFAA78 /* RezolveGeofence.swift in Sources */,
				6A23E4BB0360BC5AEEAC56B9 /* LoginViewController.swift in Sources */,
				6A23EC9CF5FD5EFB357A6DC6 /* Config.swift in Sources */,
				D4C8F8FD226632BB005EF1A8 /* ScanViewController.swift in Sources */,
				4287F55425ECDC5B00F5CC85 /* SspActViewController.swift in Sources */,
				473FBDE725E7ACB500043A7C /* SspAct+Extensions.swift in Sources */,
			);
			runOnlyForDeploymentPostprocessing = 0;
		};
/* End PBXSourcesBuildPhase section */

/* Begin PBXVariantGroup section */
		6A23E958E6F1676634C2DB4D /* Main.storyboard */ = {
			isa = PBXVariantGroup;
			children = (
				6A23EADD0D372326A0067604 /* Base */,
			);
			name = Main.storyboard;
			sourceTree = "<group>";
		};
		D49F4482225B98EC006FB59B /* LaunchScreen.storyboard */ = {
			isa = PBXVariantGroup;
			children = (
				D49F4483225B98EC006FB59B /* Base */,
			);
			name = LaunchScreen.storyboard;
			sourceTree = "<group>";
		};
/* End PBXVariantGroup section */

/* Begin XCBuildConfiguration section */
		D49F4486225B98EC006FB59B /* Debug */ = {
			isa = XCBuildConfiguration;
			buildSettings = {
				ALWAYS_SEARCH_USER_PATHS = NO;
				CLANG_ANALYZER_NONNULL = YES;
				CLANG_ANALYZER_NUMBER_OBJECT_CONVERSION = YES_AGGRESSIVE;
				CLANG_CXX_LANGUAGE_STANDARD = "gnu++14";
				CLANG_CXX_LIBRARY = "libc++";
				CLANG_ENABLE_MODULES = YES;
				CLANG_ENABLE_OBJC_ARC = YES;
				CLANG_ENABLE_OBJC_WEAK = YES;
				CLANG_WARN_BLOCK_CAPTURE_AUTORELEASING = YES;
				CLANG_WARN_BOOL_CONVERSION = YES;
				CLANG_WARN_COMMA = YES;
				CLANG_WARN_CONSTANT_CONVERSION = YES;
				CLANG_WARN_DEPRECATED_OBJC_IMPLEMENTATIONS = YES;
				CLANG_WARN_DIRECT_OBJC_ISA_USAGE = YES_ERROR;
				CLANG_WARN_DOCUMENTATION_COMMENTS = YES;
				CLANG_WARN_EMPTY_BODY = YES;
				CLANG_WARN_ENUM_CONVERSION = YES;
				CLANG_WARN_INFINITE_RECURSION = YES;
				CLANG_WARN_INT_CONVERSION = YES;
				CLANG_WARN_NON_LITERAL_NULL_CONVERSION = YES;
				CLANG_WARN_OBJC_IMPLICIT_RETAIN_SELF = YES;
				CLANG_WARN_OBJC_LITERAL_CONVERSION = YES;
				CLANG_WARN_OBJC_ROOT_CLASS = YES_ERROR;
				CLANG_WARN_QUOTED_INCLUDE_IN_FRAMEWORK_HEADER = YES;
				CLANG_WARN_RANGE_LOOP_ANALYSIS = YES;
				CLANG_WARN_STRICT_PROTOTYPES = YES;
				CLANG_WARN_SUSPICIOUS_MOVE = YES;
				CLANG_WARN_UNGUARDED_AVAILABILITY = YES_AGGRESSIVE;
				CLANG_WARN_UNREACHABLE_CODE = YES;
				CLANG_WARN__DUPLICATE_METHOD_MATCH = YES;
				CODE_SIGN_IDENTITY = "iPhone Developer";
				COPY_PHASE_STRIP = NO;
				DEBUG_INFORMATION_FORMAT = dwarf;
				ENABLE_STRICT_OBJC_MSGSEND = YES;
				ENABLE_TESTABILITY = YES;
				GCC_C_LANGUAGE_STANDARD = gnu11;
				GCC_DYNAMIC_NO_PIC = NO;
				GCC_NO_COMMON_BLOCKS = YES;
				GCC_OPTIMIZATION_LEVEL = 0;
				GCC_PREPROCESSOR_DEFINITIONS = (
					"DEBUG=1",
					"$(inherited)",
				);
				GCC_WARN_64_TO_32_BIT_CONVERSION = YES;
				GCC_WARN_ABOUT_RETURN_TYPE = YES_ERROR;
				GCC_WARN_UNDECLARED_SELECTOR = YES;
				GCC_WARN_UNINITIALIZED_AUTOS = YES_AGGRESSIVE;
				GCC_WARN_UNUSED_FUNCTION = YES;
				GCC_WARN_UNUSED_VARIABLE = YES;
				IPHONEOS_DEPLOYMENT_TARGET = 12.2;
				MTL_ENABLE_DEBUG_INFO = INCLUDE_SOURCE;
				MTL_FAST_MATH = YES;
				ONLY_ACTIVE_ARCH = YES;
				SDKROOT = iphoneos;
				SWIFT_ACTIVE_COMPILATION_CONDITIONS = DEBUG;
				SWIFT_OPTIMIZATION_LEVEL = "-Onone";
			};
			name = Debug;
		};
		D49F4487225B98EC006FB59B /* Release */ = {
			isa = XCBuildConfiguration;
			buildSettings = {
				ALWAYS_SEARCH_USER_PATHS = NO;
				CLANG_ANALYZER_NONNULL = YES;
				CLANG_ANALYZER_NUMBER_OBJECT_CONVERSION = YES_AGGRESSIVE;
				CLANG_CXX_LANGUAGE_STANDARD = "gnu++14";
				CLANG_CXX_LIBRARY = "libc++";
				CLANG_ENABLE_MODULES = YES;
				CLANG_ENABLE_OBJC_ARC = YES;
				CLANG_ENABLE_OBJC_WEAK = YES;
				CLANG_WARN_BLOCK_CAPTURE_AUTORELEASING = YES;
				CLANG_WARN_BOOL_CONVERSION = YES;
				CLANG_WARN_COMMA = YES;
				CLANG_WARN_CONSTANT_CONVERSION = YES;
				CLANG_WARN_DEPRECATED_OBJC_IMPLEMENTATIONS = YES;
				CLANG_WARN_DIRECT_OBJC_ISA_USAGE = YES_ERROR;
				CLANG_WARN_DOCUMENTATION_COMMENTS = YES;
				CLANG_WARN_EMPTY_BODY = YES;
				CLANG_WARN_ENUM_CONVERSION = YES;
				CLANG_WARN_INFINITE_RECURSION = YES;
				CLANG_WARN_INT_CONVERSION = YES;
				CLANG_WARN_NON_LITERAL_NULL_CONVERSION = YES;
				CLANG_WARN_OBJC_IMPLICIT_RETAIN_SELF = YES;
				CLANG_WARN_OBJC_LITERAL_CONVERSION = YES;
				CLANG_WARN_OBJC_ROOT_CLASS = YES_ERROR;
				CLANG_WARN_QUOTED_INCLUDE_IN_FRAMEWORK_HEADER = YES;
				CLANG_WARN_RANGE_LOOP_ANALYSIS = YES;
				CLANG_WARN_STRICT_PROTOTYPES = YES;
				CLANG_WARN_SUSPICIOUS_MOVE = YES;
				CLANG_WARN_UNGUARDED_AVAILABILITY = YES_AGGRESSIVE;
				CLANG_WARN_UNREACHABLE_CODE = YES;
				CLANG_WARN__DUPLICATE_METHOD_MATCH = YES;
				CODE_SIGN_IDENTITY = "iPhone Developer";
				COPY_PHASE_STRIP = NO;
				DEBUG_INFORMATION_FORMAT = "dwarf-with-dsym";
				ENABLE_NS_ASSERTIONS = NO;
				ENABLE_STRICT_OBJC_MSGSEND = YES;
				GCC_C_LANGUAGE_STANDARD = gnu11;
				GCC_NO_COMMON_BLOCKS = YES;
				GCC_WARN_64_TO_32_BIT_CONVERSION = YES;
				GCC_WARN_ABOUT_RETURN_TYPE = YES_ERROR;
				GCC_WARN_UNDECLARED_SELECTOR = YES;
				GCC_WARN_UNINITIALIZED_AUTOS = YES_AGGRESSIVE;
				GCC_WARN_UNUSED_FUNCTION = YES;
				GCC_WARN_UNUSED_VARIABLE = YES;
				IPHONEOS_DEPLOYMENT_TARGET = 12.2;
				MTL_ENABLE_DEBUG_INFO = NO;
				MTL_FAST_MATH = YES;
				SDKROOT = iphoneos;
				SWIFT_COMPILATION_MODE = wholemodule;
				SWIFT_OPTIMIZATION_LEVEL = "-O";
				VALIDATE_PRODUCT = YES;
			};
			name = Release;
		};
		D49F4489225B98EC006FB59B /* Debug */ = {
			isa = XCBuildConfiguration;
			baseConfigurationReference = 0B3020F844EE2FB81FF5228C /* Pods-RezolveSDKSample.debug.xcconfig */;
			buildSettings = {
				ASSETCATALOG_COMPILER_APPICON_NAME = AppIcon;
				CODE_SIGN_IDENTITY = "iPhone Developer";
				CODE_SIGN_STYLE = Automatic;
				DEVELOPMENT_TEAM = NTR6788A69;
				ENABLE_BITCODE = NO;
				FRAMEWORK_SEARCH_PATHS = (
					"$(inherited)",
					"$(PROJECT_DIR)",
				);
				INFOPLIST_FILE = "$(SRCROOT)/RezolveSDKSample/Info.plist";
				IPHONEOS_DEPLOYMENT_TARGET = 12.0;
				LD_RUNPATH_SEARCH_PATHS = (
					"$(inherited)",
					"@executable_path/Frameworks",
				);
				PRODUCT_BUNDLE_IDENTIFIER = co.rezolve.example;
				PRODUCT_NAME = "$(TARGET_NAME)";
				PROVISIONING_PROFILE_SPECIFIER = "";
				SWIFT_OBJC_BRIDGING_HEADER = "";
				SWIFT_VERSION = 5.0;
				TARGETED_DEVICE_FAMILY = 1;
			};
			name = Debug;
		};
		D49F448A225B98EC006FB59B /* Release */ = {
			isa = XCBuildConfiguration;
			baseConfigurationReference = 795F91ED019104B4B5726E46 /* Pods-RezolveSDKSample.release.xcconfig */;
			buildSettings = {
				ASSETCATALOG_COMPILER_APPICON_NAME = AppIcon;
				CODE_SIGN_IDENTITY = "iPhone Developer";
				CODE_SIGN_STYLE = Manual;
				DEVELOPMENT_TEAM = "";
				ENABLE_BITCODE = NO;
				FRAMEWORK_SEARCH_PATHS = (
					"$(inherited)",
					"$(PROJECT_DIR)",
				);
				INFOPLIST_FILE = "$(SRCROOT)/RezolveSDKSample/Info.plist";
				IPHONEOS_DEPLOYMENT_TARGET = 12.0;
				LD_RUNPATH_SEARCH_PATHS = (
					"$(inherited)",
					"@executable_path/Frameworks",
				);
				PRODUCT_BUNDLE_IDENTIFIER = co.rezolve.example;
				PRODUCT_NAME = "$(TARGET_NAME)";
				PROVISIONING_PROFILE_SPECIFIER = "";
				SWIFT_OBJC_BRIDGING_HEADER = "";
				SWIFT_VERSION = 5.0;
				TARGETED_DEVICE_FAMILY = 1;
			};
			name = Release;
		};
/* End XCBuildConfiguration section */

/* Begin XCConfigurationList section */
		D49F4471225B98EB006FB59B /* Build configuration list for PBXProject "RezolveSDKSample" */ = {
			isa = XCConfigurationList;
			buildConfigurations = (
				D49F4486225B98EC006FB59B /* Debug */,
				D49F4487225B98EC006FB59B /* Release */,
			);
			defaultConfigurationIsVisible = 0;
			defaultConfigurationName = Release;
		};
		D49F4488225B98EC006FB59B /* Build configuration list for PBXNativeTarget "RezolveSDKSample" */ = {
			isa = XCConfigurationList;
			buildConfigurations = (
				D49F4489225B98EC006FB59B /* Debug */,
				D49F448A225B98EC006FB59B /* Release */,
			);
			defaultConfigurationIsVisible = 0;
			defaultConfigurationName = Release;
		};
/* End XCConfigurationList section */
	};
	rootObject = D49F446E225B98EB006FB59B /* Project object */;
}
